dependencies:
- name: backend
  repository: file://../../../Backend/chart
  version: 2.1.0
- name: backend
  repository: file://../../../Backend/chart
  version: 2.1.0
- name: frontend
  repository: file://../../../Frontend/chart
  version: 2.1.1
digest: sha256:5c9d1309da5b427bafad36f8f68779df6b9499d3b519739c9965258b30dbbff0
generated: "2026-01-09T11:35:50.719905311-05:00"
