dependencies:
- name: backend
  repository: oci://ghcr.io/jetscale-ai/charts
  version: 4.6.2
- name: backend
  repository: oci://ghcr.io/jetscale-ai/charts
  version: 4.6.2
- name: frontend
  repository: oci://ghcr.io/jetscale-ai/charts
  version: 2.7.1
digest: sha256:f20160f9ee5539b235b18e7afb5368ef1a774b4ae4abf00982e4acc3b5f18625
generated: "2026-02-17T13:48:16.932910414-05:00"
